<?xml version="1.0" encoding="utf-8"?>
<Project ToolsVersion="4.0" xmlns="http://schemas.microsoft.com/developer/msbuild/2003">
  <ItemGroup>
    <Filter Include="Source Files">
      <UniqueIdentifier>{725ec7ec-1f3d-43c2-a926-c908bb2eeb50}</UniqueIdentifier>
      <Extensions>cpp;c;cxx;rc;def;r;odl;hpj;bat;for;f90</Extensions>
    </Filter>
    <Filter Include="Source Files\dont_optimize">
      <UniqueIdentifier>{75371559-84bf-4fae-9f4a-aaee58e74b28}</UniqueIdentifier>
    </Filter>
    <Filter Include="Source Files\dont_compile">
      <UniqueIdentifier>{e299886f-2681-4c34-acf0-4e3f645bbb23}</UniqueIdentifier>
    </Filter>
    <Filter Include="Header Files">
      <UniqueIdentifier>{828f2c8b-f260-425b-aef0-b33806b90ed9}</UniqueIdentifier>
      <Extensions>h;hpp;hxx;hm;inl;fi;fd</Extensions>
    </Filter>
    <Filter Include="Resource Files">
      <UniqueIdentifier>{d9de16bc-2d81-4990-aab3-e42b662ec3a4}</UniqueIdentifier>
      <Extensions>ico;cur;bmp;dlg;rc2;rct;bin;cnt;rtf;gif;jpg;jpeg;jpe</Extensions>
    </Filter>
    <Filter Include="Source Files\Missions">
      <UniqueIdentifier>{c65d9adc-a9ef-4638-aeef-9a2dcf27e341}</UniqueIdentifier>
    </Filter>
    <Filter Include="Source Files\Missions\Generated">
      <UniqueIdentifier>{546a901f-e7e8-4ec3-8168-1d674bf13269}</UniqueIdentifier>
    </Filter>
    <Filter Include="Source Files\ThirdParty">
      <UniqueIdentifier>{21c32355-e8f0-442b-98ca-7995c6391393}</UniqueIdentifier>
    </Filter>
    <Filter Include="Source Files\ThirdParty\CRC32">
      <UniqueIdentifier>{eac641ca-c2db-4bb2-8912-720d55154476}</UniqueIdentifier>
    </Filter>
    <Filter Include="Source Files\ThirdParty\jpeg">
      <UniqueIdentifier>{8ce68e58-7efc-4382-89a3-ac168f4d9afb}</UniqueIdentifier>
    </Filter>
    <Filter Include="Source Files\ThirdParty\LZSS">
      <UniqueIdentifier>{9aa4f473-4519-4f5d-8fb3-d50a7321f7bb}</UniqueIdentifier>
    </Filter>
    <Filter Include="Source Files\Game">
      <UniqueIdentifier>{3054f700-2937-47cc-9588-bb0308205113}</UniqueIdentifier>
    </Filter>
    <Filter Include="Source Files\SDL">
      <UniqueIdentifier>{e74e57ea-c2cc-4679-8faf-010f21c573c0}</UniqueIdentifier>
    </Filter>
  </ItemGroup>
  <ItemGroup>
    <ClCompile Include="..\..\src\Game\ETG.c">
      <Filter>Source Files\dont_optimize</Filter>
    </ClCompile>
    <ClCompile Include="..\..\src\Game\FastMath.c">
      <Filter>Source Files\dont_optimize</Filter>
    </ClCompile>
    <ClCompile Include="..\..\src\Game\Task.c">
      <Filter>Source Files\dont_optimize</Filter>
    </ClCompile>
    <ClCompile Include="..\..\src\Game\BigFile.c">
      <Filter>Source Files\dont_compile</Filter>
    </ClCompile>
    <ClCompile Include="..\..\src\Game\File.c">
      <Filter>Source Files\dont_compile</Filter>
    </ClCompile>
    <ClCompile Include="..\..\src\Missions\Generated\Mission01.c">
      <Filter>Source Files\Missions\Generated</Filter>
    </ClCompile>
    <ClCompile Include="..\..\src\Missions\Generated\Mission01.func.c">
      <Filter>Source Files\Missions\Generated</Filter>
    </ClCompile>
    <ClCompile Include="..\..\src\Missions\Generated\Mission02.c">
      <Filter>Source Files\Missions\Generated</Filter>
    </ClCompile>
    <ClCompile Include="..\..\src\Missions\Generated\Mission02.func.c">
      <Filter>Source Files\Missions\Generated</Filter>
    </ClCompile>
    <ClCompile Include="..\..\src\Missions\Generated\Mission03.c">
      <Filter>Source Files\Missions\Generated</Filter>
    </ClCompile>
    <ClCompile Include="..\..\src\Missions\Generated\Mission03.func.c">
      <Filter>Source Files\Missions\Generated</Filter>
    </ClCompile>
    <ClCompile Include="..\..\src\Missions\Generated\Mission04.c">
      <Filter>Source Files\Missions\Generated</Filter>
    </ClCompile>
    <ClCompile Include="..\..\src\Missions\Generated\Mission04.func.c">
      <Filter>Source Files\Missions\Generated</Filter>
    </ClCompile>
    <ClCompile Include="..\..\src\Missions\Generated\Mission05.c">
      <Filter>Source Files\Missions\Generated</Filter>
    </ClCompile>
    <ClCompile Include="..\..\src\Missions\Generated\Mission05.func.c">
      <Filter>Source Files\Missions\Generated</Filter>
    </ClCompile>
    <ClCompile Include="..\..\src\Missions\Generated\Mission06.c">
      <Filter>Source Files\Missions\Generated</Filter>
    </ClCompile>
    <ClCompile Include="..\..\src\Missions\Generated\Mission06.func.c">
      <Filter>Source Files\Missions\Generated</Filter>
    </ClCompile>
    <ClCompile Include="..\..\src\Missions\Generated\Mission07.c">
      <Filter>Source Files\Missions\Generated</Filter>
    </ClCompile>
    <ClCompile Include="..\..\src\Missions\Generated\Mission07.func.c">
      <Filter>Source Files\Missions\Generated</Filter>
    </ClCompile>
    <ClCompile Include="..\..\src\Missions\Generated\Mission08.c">
      <Filter>Source Files\Missions\Generated</Filter>
    </ClCompile>
    <ClCompile Include="..\..\src\Missions\Generated\Mission08.func.c">
      <Filter>Source Files\Missions\Generated</Filter>
    </ClCompile>
    <ClCompile Include="..\..\src\Missions\Generated\Mission09.c">
      <Filter>Source Files\Missions\Generated</Filter>
    </ClCompile>
    <ClCompile Include="..\..\src\Missions\Generated\Mission09.func.c">
      <Filter>Source Files\Missions\Generated</Filter>
    </ClCompile>
    <ClCompile Include="..\..\src\Missions\Generated\Mission10.c">
      <Filter>Source Files\Missions\Generated</Filter>
    </ClCompile>
    <ClCompile Include="..\..\src\Missions\Generated\Mission10.func.c">
      <Filter>Source Files\Missions\Generated</Filter>
    </ClCompile>
    <ClCompile Include="..\..\src\Missions\Generated\Mission11.c">
      <Filter>Source Files\Missions\Generated</Filter>
    </ClCompile>
    <ClCompile Include="..\..\src\Missions\Generated\Mission11.func.c">
      <Filter>Source Files\Missions\Generated</Filter>
    </ClCompile>
    <ClCompile Include="..\..\src\Missions\Generated\Mission12.c">
      <Filter>Source Files\Missions\Generated</Filter>
    </ClCompile>
    <ClCompile Include="..\..\src\Missions\Generated\Mission12.func.c">
      <Filter>Source Files\Missions\Generated</Filter>
    </ClCompile>
    <ClCompile Include="..\..\src\Missions\Generated\Mission13.c">
      <Filter>Source Files\Missions\Generated</Filter>
    </ClCompile>
    <ClCompile Include="..\..\src\Missions\Generated\Mission13.func.c">
      <Filter>Source Files\Missions\Generated</Filter>
    </ClCompile>
    <ClCompile Include="..\..\src\Missions\Generated\Mission14.c">
      <Filter>Source Files\Missions\Generated</Filter>
    </ClCompile>
    <ClCompile Include="..\..\src\Missions\Generated\Mission14.func.c">
      <Filter>Source Files\Missions\Generated</Filter>
    </ClCompile>
    <ClCompile Include="..\..\src\Missions\Generated\Mission15.c">
      <Filter>Source Files\Missions\Generated</Filter>
    </ClCompile>
    <ClCompile Include="..\..\src\Missions\Generated\Mission15.func.c">
      <Filter>Source Files\Missions\Generated</Filter>
    </ClCompile>
    <ClCompile Include="..\..\src\Missions\Generated\Mission16.c">
      <Filter>Source Files\Missions\Generated</Filter>
    </ClCompile>
    <ClCompile Include="..\..\src\Missions\Generated\Mission16.func.c">
      <Filter>Source Files\Missions\Generated</Filter>
    </ClCompile>
    <ClCompile Include="..\..\src\Missions\Generated\Tutorial1.c">
      <Filter>Source Files\Missions\Generated</Filter>
    </ClCompile>
    <ClCompile Include="..\..\src\Missions\Generated\Tutorial1.func.c">
      <Filter>Source Files\Missions\Generated</Filter>
    </ClCompile>
    <ClCompile Include="..\..\src\ThirdParty\CRC\CRC32.c">
      <Filter>Source Files\ThirdParty\CRC32</Filter>
    </ClCompile>
    <ClCompile Include="..\..\src\ThirdParty\JPG\jcapimin.c">
      <Filter>Source Files\ThirdParty\jpeg</Filter>
    </ClCompile>
    <ClCompile Include="..\..\src\ThirdParty\JPG\jcapistd.c">
      <Filter>Source Files\ThirdParty\jpeg</Filter>
    </ClCompile>
    <ClCompile Include="..\..\src\ThirdParty\JPG\jccoefct.c">
      <Filter>Source Files\ThirdParty\jpeg</Filter>
    </ClCompile>
    <ClCompile Include="..\..\src\ThirdParty\JPG\jccolor.c">
      <Filter>Source Files\ThirdParty\jpeg</Filter>
    </ClCompile>
    <ClCompile Include="..\..\src\ThirdParty\JPG\jcdctmgr.c">
      <Filter>Source Files\ThirdParty\jpeg</Filter>
    </ClCompile>
    <ClCompile Include="..\..\src\ThirdParty\JPG\jchuff.c">
      <Filter>Source Files\ThirdParty\jpeg</Filter>
    </ClCompile>
    <ClCompile Include="..\..\src\ThirdParty\JPG\jcinit.c">
      <Filter>Source Files\ThirdParty\jpeg</Filter>
    </ClCompile>
    <ClCompile Include="..\..\src\ThirdParty\JPG\jcmainct.c">
      <Filter>Source Files\ThirdParty\jpeg</Filter>
    </ClCompile>
    <ClCompile Include="..\..\src\ThirdParty\JPG\jcmarker.c">
      <Filter>Source Files\ThirdParty\jpeg</Filter>
    </ClCompile>
    <ClCompile Include="..\..\src\ThirdParty\JPG\jcmaster.c">
      <Filter>Source Files\ThirdParty\jpeg</Filter>
    </ClCompile>
    <ClCompile Include="..\..\src\ThirdParty\JPG\jcomapi.c">
      <Filter>Source Files\ThirdParty\jpeg</Filter>
    </ClCompile>
    <ClCompile Include="..\..\src\ThirdParty\JPG\jcparam.c">
      <Filter>Source Files\ThirdParty\jpeg</Filter>
    </ClCompile>
    <ClCompile Include="..\..\src\ThirdParty\JPG\jcprepct.c">
      <Filter>Source Files\ThirdParty\jpeg</Filter>
    </ClCompile>
    <ClCompile Include="..\..\src\ThirdParty\JPG\jcsample.c">
      <Filter>Source Files\ThirdParty\jpeg</Filter>
    </ClCompile>
    <ClCompile Include="..\..\src\ThirdParty\JPG\jctrans.c">
      <Filter>Source Files\ThirdParty\jpeg</Filter>
    </ClCompile>
    <ClCompile Include="..\..\src\ThirdParty\JPG\jdapimin.c">
      <Filter>Source Files\ThirdParty\jpeg</Filter>
    </ClCompile>
    <ClCompile Include="..\..\src\ThirdParty\JPG\jdapistd.c">
      <Filter>Source Files\ThirdParty\jpeg</Filter>
    </ClCompile>
    <ClCompile Include="..\..\src\ThirdParty\JPG\jdatadst.c">
      <Filter>Source Files\ThirdParty\jpeg</Filter>
    </ClCompile>
    <ClCompile Include="..\..\src\ThirdParty\JPG\jdatasrc.c">
      <Filter>Source Files\ThirdParty\jpeg</Filter>
    </ClCompile>
    <ClCompile Include="..\..\src\ThirdParty\JPG\jdcoefct.c">
      <Filter>Source Files\ThirdParty\jpeg</Filter>
    </ClCompile>
    <ClCompile Include="..\..\src\ThirdParty\JPG\jdcolor.c">
      <Filter>Source Files\ThirdParty\jpeg</Filter>
    </ClCompile>
    <ClCompile Include="..\..\src\ThirdParty\JPG\jddctmgr.c">
      <Filter>Source Files\ThirdParty\jpeg</Filter>
    </ClCompile>
    <ClCompile Include="..\..\src\ThirdParty\JPG\jdhuff.c">
      <Filter>Source Files\ThirdParty\jpeg</Filter>
    </ClCompile>
    <ClCompile Include="..\..\src\ThirdParty\JPG\jdinput.c">
      <Filter>Source Files\ThirdParty\jpeg</Filter>
    </ClCompile>
    <ClCompile Include="..\..\src\ThirdParty\JPG\jdmainct.c">
      <Filter>Source Files\ThirdParty\jpeg</Filter>
    </ClCompile>
    <ClCompile Include="..\..\src\ThirdParty\JPG\jdmarker.c">
      <Filter>Source Files\ThirdParty\jpeg</Filter>
    </ClCompile>
    <ClCompile Include="..\..\src\ThirdParty\JPG\jdmaster.c">
      <Filter>Source Files\ThirdParty\jpeg</Filter>
    </ClCompile>
    <ClCompile Include="..\..\src\ThirdParty\JPG\jdmerge.c">
      <Filter>Source Files\ThirdParty\jpeg</Filter>
    </ClCompile>
    <ClCompile Include="..\..\src\ThirdParty\JPG\jdpostct.c">
      <Filter>Source Files\ThirdParty\jpeg</Filter>
    </ClCompile>
    <ClCompile Include="..\..\src\ThirdParty\JPG\jdsample.c">
      <Filter>Source Files\ThirdParty\jpeg</Filter>
    </ClCompile>
    <ClCompile Include="..\..\src\ThirdParty\JPG\jdtrans.c">
      <Filter>Source Files\ThirdParty\jpeg</Filter>
    </ClCompile>
    <ClCompile Include="..\..\src\ThirdParty\JPG\jerror.c">
      <Filter>Source Files\ThirdParty\jpeg</Filter>
    </ClCompile>
    <ClCompile Include="..\..\src\ThirdParty\JPG\jfdctflt.c">
      <Filter>Source Files\ThirdParty\jpeg</Filter>
    </ClCompile>
    <ClCompile Include="..\..\src\ThirdParty\JPG\jfdctfst.c">
      <Filter>Source Files\ThirdParty\jpeg</Filter>
    </ClCompile>
    <ClCompile Include="..\..\src\ThirdParty\JPG\jfdctint.c">
      <Filter>Source Files\ThirdParty\jpeg</Filter>
    </ClCompile>
    <ClCompile Include="..\..\src\ThirdParty\JPG\jidctflt.c">
      <Filter>Source Files\ThirdParty\jpeg</Filter>
    </ClCompile>
    <ClCompile Include="..\..\src\ThirdParty\JPG\jidctfst.c">
      <Filter>Source Files\ThirdParty\jpeg</Filter>
    </ClCompile>
    <ClCompile Include="..\..\src\ThirdParty\JPG\jidctint.c">
      <Filter>Source Files\ThirdParty\jpeg</Filter>
    </ClCompile>
    <ClCompile Include="..\..\src\ThirdParty\JPG\jmemmgr.c">
      <Filter>Source Files\ThirdParty\jpeg</Filter>
    </ClCompile>
    <ClCompile Include="..\..\src\ThirdParty\JPG\jmemnobs.c">
      <Filter>Source Files\ThirdParty\jpeg</Filter>
    </ClCompile>
    <ClCompile Include="..\..\src\ThirdParty\JPG\jquant1.c">
      <Filter>Source Files\ThirdParty\jpeg</Filter>
    </ClCompile>
    <ClCompile Include="..\..\src\ThirdParty\JPG\jquant2.c">
      <Filter>Source Files\ThirdParty\jpeg</Filter>
    </ClCompile>
    <ClCompile Include="..\..\src\ThirdParty\JPG\jutils.c">
      <Filter>Source Files\ThirdParty\jpeg</Filter>
    </ClCompile>
    <ClCompile Include="..\..\src\ThirdParty\LZSS\LZSS.c">
      <Filter>Source Files\ThirdParty\LZSS</Filter>
    </ClCompile>
    <ClCompile Include="..\..\src\Ships\AdvanceSupportFrigate.c">
      <Filter>Source Files\Game</Filter>
    </ClCompile>
    <ClCompile Include="..\..\src\Game\AIAttackMan.c">
      <Filter>Source Files\Game</Filter>
    </ClCompile>
    <ClCompile Include="..\..\src\Game\AIDefenseMan.c">
      <Filter>Source Files\Game</Filter>
    </ClCompile>
    <ClCompile Include="..\..\src\Game\AIEvents.c">
      <Filter>Source Files\Game</Filter>
    </ClCompile>
    <ClCompile Include="..\..\src\Game\AIFleetMan.c">
      <Filter>Source Files\Game</Filter>
    </ClCompile>
    <ClCompile Include="..\..\src\Game\AIHandler.c">
      <Filter>Source Files\Game</Filter>
    </ClCompile>
    <ClCompile Include="..\..\src\Game\AIMoves.c">
      <Filter>Source Files\Game</Filter>
    </ClCompile>
    <ClCompile Include="..\..\src\Game\AIOrders.c">
      <Filter>Source Files\Game</Filter>
    </ClCompile>
    <ClCompile Include="..\..\src\Game\AIPlayer.c">
      <Filter>Source Files\Game</Filter>
    </ClCompile>
    <ClCompile Include="..\..\src\Game\AIResourceMan.c">
      <Filter>Source Files\Game</Filter>
    </ClCompile>
    <ClCompile Include="..\..\src\Game\AIShip.c">
      <Filter>Source Files\Game</Filter>
    </ClCompile>
    <ClCompile Include="..\..\src\Game\AITeam.c">
      <Filter>Source Files\Game</Filter>
    </ClCompile>
    <ClCompile Include="..\..\src\Game\AITrack.c">
      <Filter>Source Files\Game</Filter>
    </ClCompile>
    <ClCompile Include="..\..\src\Game\AIUtilities.c">
      <Filter>Source Files\Game</Filter>
    </ClCompile>
    <ClCompile Include="..\..\src\Game\AIVar.c">
      <Filter>Source Files\Game</Filter>
    </ClCompile>
    <ClCompile Include="..\..\src\Game\Alliance.c">
      <Filter>Source Files\Game</Filter>
    </ClCompile>
    <ClCompile Include="..\..\src\Game\Animatic.c">
      <Filter>Source Files\Game</Filter>
    </ClCompile>
    <ClCompile Include="..\..\src\Game\Attack.c">
      <Filter>Source Files\Game</Filter>
    </ClCompile>
    <ClCompile Include="..\..\src\Game\AutoDownloadMap.c">
      <Filter>Source Files\Game</Filter>
    </ClCompile>
    <ClCompile Include="..\..\src\Game\AutoLOD.c">
      <Filter>Source Files\Game</Filter>
    </ClCompile>
    <ClCompile Include="..\..\src\Sdl\avi.c">
      <Filter>Source Files\Game</Filter>
    </ClCompile>
    <ClCompile Include="..\..\src\Game\B-Spline.c">
      <Filter>Source Files\Game</Filter>
    </ClCompile>
    <ClCompile Include="..\..\src\Game\Battle.c">
      <Filter>Source Files\Game</Filter>
    </ClCompile>
    <ClCompile Include="..\..\src\ThirdParty\LZSS\BitIO.c">
      <Filter>Source Files\Game</Filter>
    </ClCompile>
    <ClCompile Include="..\..\src\Game\Blobs.c">
      <Filter>Source Files\Game</Filter>
    </ClCompile>
    <ClCompile Include="..\..\src\Game\BMP.c">
      <Filter>Source Files\Game</Filter>
    </ClCompile>
    <ClCompile Include="..\..\src\Game\Bounties.c">
      <Filter>Source Files\Game</Filter>
    </ClCompile>
    <ClCompile Include="..\..\src\Game\BTG.c">
      <Filter>Source Files\Game</Filter>
    </ClCompile>
    <ClCompile Include="..\..\src\Game\Camera.c">
      <Filter>Source Files\Game</Filter>
    </ClCompile>
    <ClCompile Include="..\..\src\Game\CameraCommand.c">
      <Filter>Source Files\Game</Filter>
    </ClCompile>
    <ClCompile Include="..\..\src\Game\Captaincy.c">
      <Filter>Source Files\Game</Filter>
    </ClCompile>
    <ClCompile Include="..\..\src\Ships\Carrier.c">
      <Filter>Source Files\Game</Filter>
    </ClCompile>
    <ClCompile Include="..\..\src\Game\ChannelFSM.c">
      <Filter>Source Files\Game</Filter>
    </ClCompile>
    <ClCompile Include="..\..\src\Game\Chatting.c">
      <Filter>Source Files\Game</Filter>
    </ClCompile>
    <ClCompile Include="..\..\src\Game\Clamp.c">
      <Filter>Source Files\Game</Filter>
    </ClCompile>
    <ClCompile Include="..\..\src\Sdl\ClientCDKey.cpp">
      <Filter>Source Files\Game</Filter>
    </ClCompile>
    <ClCompile Include="..\..\src\Game\Clipper.c">
      <Filter>Source Files\Game</Filter>
    </ClCompile>
    <ClCompile Include="..\..\src\Ships\CloakGenerator.c">
      <Filter>Source Files\Game</Filter>
    </ClCompile>
    <ClCompile Include="..\..\src\Game\Clouds.c">
      <Filter>Source Files\Game</Filter>
    </ClCompile>
    <ClCompile Include="..\..\src\Game\Collision.c">
      <Filter>Source Files\Game</Filter>
    </ClCompile>
    <ClCompile Include="..\..\src\Game\Color.c">
      <Filter>Source Files\Game</Filter>
    </ClCompile>
    <ClCompile Include="..\..\src\Game\ColPick.c">
      <Filter>Source Files\Game</Filter>
    </ClCompile>
    <ClCompile Include="..\..\src\Game\CommandLayer.c">
      <Filter>Source Files\Game</Filter>
    </ClCompile>
    <ClCompile Include="..\..\src\Game\CommandNetwork.c">
      <Filter>Source Files\Game</Filter>
    </ClCompile>
    <ClCompile Include="..\..\src\Game\CommandWrap.c">
      <Filter>Source Files\Game</Filter>
    </ClCompile>
    <ClCompile Include="..\..\src\Game\ConsMgr.c">
      <Filter>Source Files\Game</Filter>
    </ClCompile>
    <ClCompile Include="..\..\src\Game\Crates.c">
      <Filter>Source Files\Game</Filter>
    </ClCompile>
    <ClCompile Include="..\..\src\Game\Damage.c">
      <Filter>Source Files\Game</Filter>
    </ClCompile>
    <ClCompile Include="..\..\src\Ships\DDDFrigate.c">
      <Filter>Source Files\Game</Filter>
    </ClCompile>
    <ClCompile Include="..\..\src\Game\Debug.c">
      <Filter>Source Files\Game</Filter>
    </ClCompile>
    <ClCompile Include="..\..\src\Sdl\debugwnd.c">
      <Filter>Source Files\Game</Filter>
    </ClCompile>
    <ClCompile Include="..\..\src\Ships\DefaultShip.c">
      <Filter>Source Files\Game</Filter>
    </ClCompile>
    <ClCompile Include="..\..\src\Ships\DefenseFighter.c">
      <Filter>Source Files\Game</Filter>
    </ClCompile>
    <ClCompile Include="..\..\src\Game\Demo.c">
      <Filter>Source Files\Game</Filter>
    </ClCompile>
    <ClCompile Include="..\..\src\Ships\DFGFrigate.c">
      <Filter>Source Files\Game</Filter>
    </ClCompile>
    <ClCompile Include="..\..\src\Game\Dock.c">
      <Filter>Source Files\Game</Filter>
    </ClCompile>
    <ClCompile Include="..\..\src\Ships\Drone.c">
      <Filter>Source Files\Game</Filter>
    </ClCompile>
    <ClCompile Include="..\..\src\Game\Eval.c">
      <Filter>Source Files\Game</Filter>
    </ClCompile>
    <ClCompile Include="..\..\src\Game\FEFlow.c">
      <Filter>Source Files\Game</Filter>
    </ClCompile>
    <ClCompile Include="..\..\src\Game\FEReg.c">
      <Filter>Source Files\Game</Filter>
    </ClCompile>
    <ClCompile Include="..\..\src\Game\FlightMan.c">
      <Filter>Source Files\Game</Filter>
    </ClCompile>
    <ClCompile Include="..\..\src\Ships\FloatingCity.c">
      <Filter>Source Files\Game</Filter>
    </ClCompile>
    <ClCompile Include="..\..\src\Sdl\font.c">
      <Filter>Source Files\Game</Filter>
    </ClCompile>
    <ClCompile Include="..\..\src\Game\FontReg.c">
      <Filter>Source Files\Game</Filter>
    </ClCompile>
    <ClCompile Include="..\..\src\Game\Formation.c">
      <Filter>Source Files\Game</Filter>
    </ClCompile>
    <ClCompile Include="..\..\src\Game\GameChat.c">
      <Filter>Source Files\Game</Filter>
    </ClCompile>
    <ClCompile Include="..\..\src\Game\GamePick.c">
      <Filter>Source Files\Game</Filter>
    </ClCompile>
    <ClCompile Include="..\..\src\Ships\GenericDefender.c">
      <Filter>Source Files\Game</Filter>
    </ClCompile>
    <ClCompile Include="..\..\src\Ships\GenericInterceptor.c">
      <Filter>Source Files\Game</Filter>
    </ClCompile>
    <ClCompile Include="..\..\src\Game\Globals.c">
      <Filter>Source Files\Game</Filter>
    </ClCompile>
    <ClCompile Include="..\..\src\Ships\GravWellGenerator.c">
      <Filter>Source Files\Game</Filter>
    </ClCompile>
    <ClCompile Include="..\..\src\Game\Gun.c">
      <Filter>Source Files\Game</Filter>
    </ClCompile>
    <ClCompile Include="..\..\src\Game\Hash.c">
      <Filter>Source Files\Game</Filter>
    </ClCompile>
    <ClCompile Include="..\..\src\Ships\HeavyCorvette.c">
      <Filter>Source Files\Game</Filter>
    </ClCompile>
    <ClCompile Include="..\..\src\Ships\HeavyCruiser.c">
      <Filter>Source Files\Game</Filter>
    </ClCompile>
    <ClCompile Include="..\..\src\homeworld.c">
      <Filter>Source Files\Game</Filter>
    </ClCompile>
    <ClCompile Include="..\..\src\Game\HorseRace.c">
      <Filter>Source Files\Game</Filter>
    </ClCompile>
    <ClCompile Include="..\..\src\Game\HS.c">
      <Filter>Source Files\Game</Filter>
    </ClCompile>
    <ClCompile Include="..\..\src\Game\InfoOverlay.c">
      <Filter>Source Files\Game</Filter>
    </ClCompile>
    <ClCompile Include="..\..\src\Ships\IonCannonFrigate.c">
      <Filter>Source Files\Game</Filter>
    </ClCompile>
    <ClCompile Include="..\..\src\Game\KAS.c">
      <Filter>Source Files\Game</Filter>
    </ClCompile>
    <ClCompile Include="..\..\src\Game\KASFunc.c">
      <Filter>Source Files\Game</Filter>
    </ClCompile>
    <ClCompile Include="..\..\src\Game\Key.c">
      <Filter>Source Files\Game</Filter>
    </ClCompile>
    <ClCompile Include="..\..\src\Game\KeyBindings.c">
      <Filter>Source Files\Game</Filter>
    </ClCompile>
    <ClCompile Include="..\..\src\Game\KNITransform.c">
      <Filter>Source Files\Game</Filter>
    </ClCompile>
    <ClCompile Include="..\..\src\Game\LagPrint.c">
      <Filter>Source Files\Game</Filter>
    </ClCompile>
    <ClCompile Include="..\..\src\Game\LaunchMgr.c">
      <Filter>Source Files\Game</Filter>
    </ClCompile>
    <ClCompile Include="..\..\src\Game\LevelLoad.c">
      <Filter>Source Files\Game</Filter>
    </ClCompile>
    <ClCompile Include="..\..\src\Game\Light.c">
      <Filter>Source Files\Game</Filter>
    </ClCompile>
    <ClCompile Include="..\..\src\Ships\LightCorvette.c">
      <Filter>Source Files\Game</Filter>
    </ClCompile>
    <ClCompile Include="..\..\src\Game\LinkedList.c">
      <Filter>Source Files\Game</Filter>
    </ClCompile>
    <ClCompile Include="..\..\src\Game\LOD.c">
      <Filter>Source Files\Game</Filter>
    </ClCompile>
    <ClCompile Include="..\..\src\Game\MadLinkIn.c">
      <Filter>Source Files\Game</Filter>
    </ClCompile>
    <ClCompile Include="..\..\src\Sdl\main.c">
      <Filter>Source Files\Game</Filter>
    </ClCompile>
    <ClCompile Include="..\..\src\Sdl\mainrgn.c">
      <Filter>Source Files\Game</Filter>
    </ClCompile>
    <ClCompile Include="..\..\src\Game\Matrix-mult.c">
      <Filter>Source Files\Game</Filter>
    </ClCompile>
    <ClCompile Include="..\..\src\Game\Matrix.c">
      <Filter>Source Files\Game</Filter>
    </ClCompile>
    <ClCompile Include="..\..\src\Game\Memory.c">
      <Filter>Source Files\Game</Filter>
    </ClCompile>
    <ClCompile Include="..\..\src\Game\Mesh.c">
      <Filter>Source Files\Game</Filter>
    </ClCompile>
    <ClCompile Include="..\..\src\Game\MeshAnim.c">
      <Filter>Source Files\Game</Filter>
    </ClCompile>
    <ClCompile Include="..\..\src\Game\MEX.c">
      <Filter>Source Files\Game</Filter>
    </ClCompile>
    <ClCompile Include="..\..\src\Ships\MinelayerCorvette.c">
      <Filter>Source Files\Game</Filter>
    </ClCompile>
    <ClCompile Include="..\..\src\Ships\MissileDestroyer.c">
      <Filter>Source Files\Game</Filter>
    </ClCompile>
    <ClCompile Include="..\..\src\Sdl\mixfft.c">
      <Filter>Source Files\Game</Filter>
    </ClCompile>
    <ClCompile Include="..\..\src\Ships\Mothership.c">
      <Filter>Source Files\Game</Filter>
    </ClCompile>
    <ClCompile Include="..\..\src\Sdl\mouse.c">
      <Filter>Source Files\Game</Filter>
    </ClCompile>
    <ClCompile Include="..\..\src\Ships\MultiGunCorvette.c">
      <Filter>Source Files\Game</Filter>
    </ClCompile>
    <ClCompile Include="..\..\src\Game\MultiplayerGame.c">
      <Filter>Source Files\Game</Filter>
    </ClCompile>
    <ClCompile Include="..\..\src\Game\MultiplayerLANGame.c">
      <Filter>Source Files\Game</Filter>
    </ClCompile>
    <ClCompile Include="..\..\src\Game\NavLights.c">
      <Filter>Source Files\Game</Filter>
    </ClCompile>
    <ClCompile Include="..\..\src\Game\Nebulae.c">
      <Filter>Source Files\Game</Filter>
    </ClCompile>
    <ClCompile Include="..\..\src\Game\NetCheck.c">
      <Filter>Source Files\Game</Filter>
    </ClCompile>
    <ClCompile Include="..\..\src\Game\NIS.c">
      <Filter>Source Files\Game</Filter>
    </ClCompile>
    <ClCompile Include="..\..\src\Game\Objectives.c">
      <Filter>Source Files\Game</Filter>
    </ClCompile>
    <ClCompile Include="..\..\src\Game\ObjTypes.c">
      <Filter>Source Files\Game</Filter>
    </ClCompile>
    <ClCompile Include="..\..\src\Game\Options.c">
      <Filter>Source Files\Game</Filter>
    </ClCompile>
    <ClCompile Include="..\..\src\Ships\P1IonArrayFrigate.c">
      <Filter>Source Files\Game</Filter>
    </ClCompile>
    <ClCompile Include="..\..\src\Ships\P1MissileCorvette.c">
      <Filter>Source Files\Game</Filter>
    </ClCompile>
    <ClCompile Include="..\..\src\Ships\P1Mothership.c">
      <Filter>Source Files\Game</Filter>
    </ClCompile>
    <ClCompile Include="..\..\src\Ships\P1StandardCorvette.c">
      <Filter>Source Files\Game</Filter>
    </ClCompile>
    <ClCompile Include="..\..\src\Ships\P2AdvanceSwarmer.c">
      <Filter>Source Files\Game</Filter>
    </ClCompile>
    <ClCompile Include="..\..\src\Ships\P2FuelPod.c">
      <Filter>Source Files\Game</Filter>
    </ClCompile>
    <ClCompile Include="..\..\src\Ships\P2Mothership.c">
      <Filter>Source Files\Game</Filter>
    </ClCompile>
    <ClCompile Include="..\..\src\Ships\P2MultiBeamFrigate.c">
      <Filter>Source Files\Game</Filter>
    </ClCompile>
    <ClCompile Include="..\..\src\Ships\P2Swarmer.c">
      <Filter>Source Files\Game</Filter>
    </ClCompile>
    <ClCompile Include="..\..\src\Ships\P3StandardShip.c">
      <Filter>Source Files\Game</Filter>
    </ClCompile>
    <ClCompile Include="..\..\src\Game\Particle.c">
      <Filter>Source Files\Game</Filter>
    </ClCompile>
    <ClCompile Include="..\..\src\Game\Physics.c">
      <Filter>Source Files\Game</Filter>
    </ClCompile>
    <ClCompile Include="..\..\src\Game\PiePlate.c">
      <Filter>Source Files\Game</Filter>
    </ClCompile>
    <ClCompile Include="..\..\src\Game\Ping.c">
      <Filter>Source Files\Game</Filter>
    </ClCompile>
    <ClCompile Include="..\..\src\Game\PlugScreen.c">
      <Filter>Source Files\Game</Filter>
    </ClCompile>
    <ClCompile Include="..\..\src\Sdl\prim2d.c">
      <Filter>Source Files\Game</Filter>
    </ClCompile>
    <ClCompile Include="..\..\src\Sdl\prim3d.c">
      <Filter>Source Files\Game</Filter>
    </ClCompile>
    <ClCompile Include="..\..\src\Ships\Probe.c">
      <Filter>Source Files\Game</Filter>
    </ClCompile>
    <ClCompile Include="..\..\src\Game\ProfileTimers.c">
      <Filter>Source Files\Game</Filter>
    </ClCompile>
    <ClCompile Include="..\..\src\Ships\ProximitySensor.c">
      <Filter>Source Files\Game</Filter>
    </ClCompile>
    <ClCompile Include="..\..\src\Sdl\Queue.c">
      <Filter>Source Files\Game</Filter>
    </ClCompile>
    <ClCompile Include="..\..\src\Game\Randy.c">
      <Filter>Source Files\Game</Filter>
    </ClCompile>
    <ClCompile Include="..\..\src\Game\Region.c">
      <Filter>Source Files\Game</Filter>
    </ClCompile>
    <ClCompile Include="..\..\src\Sdl\render.c">
      <Filter>Source Files\Game</Filter>
    </ClCompile>
    <ClCompile Include="..\..\src\Ships\RepairCorvette.c">
      <Filter>Source Files\Game</Filter>
    </ClCompile>
    <ClCompile Include="..\..\src\Game\ResCollect.c">
      <Filter>Source Files\Game</Filter>
    </ClCompile>
    <ClCompile Include="..\..\src\Game\ResearchAPI.c">
      <Filter>Source Files\Game</Filter>
    </ClCompile>
    <ClCompile Include="..\..\src\Game\ResearchGUI.c">
      <Filter>Source Files\Game</Filter>
    </ClCompile>
    <ClCompile Include="..\..\src\Ships\ResearchShip.c">
      <Filter>Source Files\Game</Filter>
    </ClCompile>
    <ClCompile Include="..\..\src\Ships\ResourceCollector.c">
      <Filter>Source Files\Game</Filter>
    </ClCompile>
    <ClCompile Include="..\..\src\Ships\ResourceController.c">
      <Filter>Source Files\Game</Filter>
    </ClCompile>
    <ClCompile Include="..\..\src\Sdl\rglu.c">
      <Filter>Source Files\Game</Filter>
    </ClCompile>
    <ClCompile Include="..\..\src\Sdl\rinit.c">
      <Filter>Source Files\Game</Filter>
    </ClCompile>
    <ClCompile Include="..\..\src\Ships\SalCapCorvette.c">
      <Filter>Source Files\Game</Filter>
    </ClCompile>
    <ClCompile Include="..\..\src\Game\SaveGame.c">
      <Filter>Source Files\Game</Filter>
    </ClCompile>
    <ClCompile Include="..\..\src\Game\ScenPick.c">
      <Filter>Source Files\Game</Filter>
    </ClCompile>
    <ClCompile Include="..\..\src\Sdl\screenshot.c">
      <Filter>Source Files\Game</Filter>
    </ClCompile>
    <ClCompile Include="..\..\src\Game\Scroller.c">
      <Filter>Source Files\Game</Filter>
    </ClCompile>
    <ClCompile Include="..\..\src\Game\Select.c">
      <Filter>Source Files\Game</Filter>
    </ClCompile>
    <ClCompile Include="..\..\src\Ships\SensorArray.c">
      <Filter>Source Files\Game</Filter>
    </ClCompile>
    <ClCompile Include="..\..\src\Game\Sensors.c">
      <Filter>Source Files\Game</Filter>
    </ClCompile>
    <ClCompile Include="..\..\src\Game\Shader.c">
      <Filter>Source Files\Game</Filter>
    </ClCompile>
    <ClCompile Include="..\..\src\Game\ShipSelect.c">
      <Filter>Source Files\Game</Filter>
    </ClCompile>
    <ClCompile Include="..\..\src\Game\ShipView.c">
      <Filter>Source Files\Game</Filter>
    </ClCompile>
    <ClCompile Include="..\..\src\Game\SinglePlayer.c">
      <Filter>Source Files\Game</Filter>
    </ClCompile>
    <ClCompile Include="..\..\src\Sdl\smixer.c">
      <Filter>Source Files\Game</Filter>
    </ClCompile>
    <ClCompile Include="..\..\src\Game\SoundEvent.c">
      <Filter>Source Files\Game</Filter>
    </ClCompile>
    <ClCompile Include="..\..\src\Game\SoundEventPlay.c">
      <Filter>Source Files\Game</Filter>
    </ClCompile>
    <ClCompile Include="..\..\src\Game\SoundEventStop.c">
      <Filter>Source Files\Game</Filter>
    </ClCompile>
    <ClCompile Include="..\..\src\Sdl\soundlow.c">
      <Filter>Source Files\Game</Filter>
    </ClCompile>
    <ClCompile Include="..\..\src\Game\SpeechEvent.c">
      <Filter>Source Files\Game</Filter>
    </ClCompile>
    <ClCompile Include="..\..\src\Sdl\sstream.c">
      <Filter>Source Files\Game</Filter>
    </ClCompile>
    <ClCompile Include="..\..\src\Ships\StandardDestroyer.c">
      <Filter>Source Files\Game</Filter>
    </ClCompile>
    <ClCompile Include="..\..\src\Ships\StandardFrigate.c">
      <Filter>Source Files\Game</Filter>
    </ClCompile>
    <ClCompile Include="..\..\src\Game\Star3d.c">
      <Filter>Source Files\Game</Filter>
    </ClCompile>
    <ClCompile Include="..\..\src\Game\Stats.c">
      <Filter>Source Files\Game</Filter>
    </ClCompile>
    <ClCompile Include="..\..\src\Game\StatScript.c">
      <Filter>Source Files\Game</Filter>
    </ClCompile>
    <ClCompile Include="..\..\src\Game\StringSupport.c">
      <Filter>Source Files\Game</Filter>
    </ClCompile>
    <ClCompile Include="..\..\src\Game\Subtitle.c">
      <Filter>Source Files\Game</Filter>
    </ClCompile>
    <ClCompile Include="..\..\src\Game\Tactical.c">
      <Filter>Source Files\Game</Filter>
    </ClCompile>
    <ClCompile Include="..\..\src\Game\Tactics.c">
      <Filter>Source Files\Game</Filter>
    </ClCompile>
    <ClCompile Include="..\..\src\Game\TaskBar.c">
      <Filter>Source Files\Game</Filter>
    </ClCompile>
    <ClCompile Include="..\..\src\Game\Teams.c">
      <Filter>Source Files\Game</Filter>
    </ClCompile>
    <ClCompile Include="..\..\src\Sdl\texreg.c">
      <Filter>Source Files\Game</Filter>
    </ClCompile>
    <ClCompile Include="..\..\src\Sdl\TimeoutTimer.c">
      <Filter>Source Files\Game</Filter>
    </ClCompile>
    <ClCompile Include="..\..\src\Game\Timer.c">
      <Filter>Source Files\Game</Filter>
    </ClCompile>
    <ClCompile Include="..\..\src\Sdl\Titan.c">
      <Filter>Source Files\Game</Filter>
    </ClCompile>
    <ClCompile Include="..\..\src\Sdl\TitanInterface.cpp">
      <Filter>Source Files\Game</Filter>
    </ClCompile>
    <ClCompile Include="..\..\src\Sdl\TitanInterfaceC.stub.c">
      <Filter>Source Files\Game</Filter>
    </ClCompile>
    <ClCompile Include="..\..\src\Game\TitanNet.c">
      <Filter>Source Files\Game</Filter>
    </ClCompile>
    <ClCompile Include="..\..\src\Sdl\TitanPacketMsg.cpp">
      <Filter>Source Files\Game</Filter>
    </ClCompile>
    <ClCompile Include="..\..\src\Game\Tracking.c">
      <Filter>Source Files\Game</Filter>
    </ClCompile>
    <ClCompile Include="..\..\src\Game\TradeMgr.c">
      <Filter>Source Files\Game</Filter>
    </ClCompile>
    <ClCompile Include="..\..\src\Game\Trails.c">
      <Filter>Source Files\Game</Filter>
    </ClCompile>
    <ClCompile Include="..\..\src\Game\Transformer.c">
      <Filter>Source Files\Game</Filter>
    </ClCompile>
    <ClCompile Include="..\..\src\Game\Tutor.c">
      <Filter>Source Files\Game</Filter>
    </ClCompile>
    <ClCompile Include="..\..\src\Game\Tweak.c">
      <Filter>Source Files\Game</Filter>
    </ClCompile>
    <ClCompile Include="..\..\src\Game\Twiddle.c">
      <Filter>Source Files\Game</Filter>
    </ClCompile>
    <ClCompile Include="..\..\src\Game\Types.c">
      <Filter>Source Files\Game</Filter>
    </ClCompile>
    <ClCompile Include="..\..\src\Game\UIControls.c">
      <Filter>Source Files\Game</Filter>
    </ClCompile>
    <ClCompile Include="..\..\src\Game\Undo.c">
      <Filter>Source Files\Game</Filter>
    </ClCompile>
    <ClCompile Include="..\..\src\Game\Universe.c">
      <Filter>Source Files\Game</Filter>
    </ClCompile>
    <ClCompile Include="..\..\src\Game\UnivUpdate.c">
      <Filter>Source Files\Game</Filter>
    </ClCompile>
    <ClCompile Include="..\..\src\Sdl\utility.c">
      <Filter>Source Files\Game</Filter>
    </ClCompile>
    <ClCompile Include="..\..\src\Game\Vector.c">
      <Filter>Source Files\Game</Filter>
    </ClCompile>
    <ClCompile Include="..\..\src\Game\Volume.c">
      <Filter>Source Files\Game</Filter>
    </ClCompile>
    <ClCompile Include="..\..\src\Sdl\wave.c">
      <Filter>Source Files\Game</Filter>
    </ClCompile>
    <ClCompile Include="..\..\src\Sdl\win32glue.c">
      <Filter>Source Files\Game</Filter>
    </ClCompile>
    <ClCompile Include="..\..\src\ThirdParty\JPG\interfce.c">
      <Filter>Source Files\ThirdParty\jpeg</Filter>
    </ClCompile>
    <ClCompile Include="..\..\src\Missions\Generated\Mission05_OEM.c">
      <Filter>Source Files\Missions\Generated</Filter>
    </ClCompile>
    <ClCompile Include="..\..\src\Missions\Generated\Mission05_OEM.func.c">
      <Filter>Source Files\Missions\Generated</Filter>
    </ClCompile>
  </ItemGroup>
  <ItemGroup>
    <ClInclude Include="..\..\src\Ships\AdvanceSupportFrigate.h">
      <Filter>Header Files</Filter>
    </ClInclude>
    <ClInclude Include="..\..\src\Game\AIAttackMan.h">
      <Filter>Header Files</Filter>
    </ClInclude>
    <ClInclude Include="..\..\src\Game\AIDefenseMan.h">
      <Filter>Header Files</Filter>
    </ClInclude>
    <ClInclude Include="..\..\src\Game\AIEvents.h">
      <Filter>Header Files</Filter>
    </ClInclude>
    <ClInclude Include="..\..\src\Game\AIFeatures.h">
      <Filter>Header Files</Filter>
    </ClInclude>
    <ClInclude Include="..\..\src\Game\AIFleetMan.h">
      <Filter>Header Files</Filter>
    </ClInclude>
    <ClInclude Include="..\..\src\Game\AIHandler.h">
      <Filter>Header Files</Filter>
    </ClInclude>
    <ClInclude Include="..\..\src\Game\AIMoves.h">
      <Filter>Header Files</Filter>
    </ClInclude>
    <ClInclude Include="..\..\src\Game\AIOrders.h">
      <Filter>Header Files</Filter>
    </ClInclude>
    <ClInclude Include="..\..\src\Game\AIPlayer.h">
      <Filter>Header Files</Filter>
    </ClInclude>
    <ClInclude Include="..\..\src\Game\AIResourceMan.h">
      <Filter>Header Files</Filter>
    </ClInclude>
    <ClInclude Include="..\..\src\Game\AIShip.h">
      <Filter>Header Files</Filter>
    </ClInclude>
    <ClInclude Include="..\..\src\Game\AITeam.h">
      <Filter>Header Files</Filter>
    </ClInclude>
    <ClInclude Include="..\..\src\Game\AITrack.h">
      <Filter>Header Files</Filter>
    </ClInclude>
    <ClInclude Include="..\..\src\Game\AIUtilities.h">
      <Filter>Header Files</Filter>
    </ClInclude>
    <ClInclude Include="..\..\src\Game\AIVar.h">
      <Filter>Header Files</Filter>
    </ClInclude>
    <ClInclude Include="..\..\src\Game\Alliance.h">
      <Filter>Header Files</Filter>
    </ClInclude>
    <ClInclude Include="..\..\src\Game\Animatic.h">
      <Filter>Header Files</Filter>
    </ClInclude>
    <ClInclude Include="..\..\src\Game\Attack.h">
      <Filter>Header Files</Filter>
    </ClInclude>
    <ClInclude Include="..\..\src\Game\Attributes.h">
      <Filter>Header Files</Filter>
    </ClInclude>
    <ClInclude Include="..\..\src\Game\AutoDownloadMap.h">
      <Filter>Header Files</Filter>
    </ClInclude>
    <ClInclude Include="..\..\src\Game\AutoLOD.h">
      <Filter>Header Files</Filter>
    </ClInclude>
    <ClInclude Include="..\..\src\Sdl\avi.h">
      <Filter>Header Files</Filter>
    </ClInclude>
    <ClInclude Include="..\..\src\Game\B-Spline.h">
      <Filter>Header Files</Filter>
    </ClInclude>
    <ClInclude Include="..\..\src\Game\Battle.h">
      <Filter>Header Files</Filter>
    </ClInclude>
    <ClInclude Include="..\..\src\Game\BigFile.h">
      <Filter>Header Files</Filter>
    </ClInclude>
    <ClInclude Include="..\..\src\ThirdParty\LZSS\BitIO.h">
      <Filter>Header Files</Filter>
    </ClInclude>
    <ClInclude Include="..\..\src\Game\Blobs.h">
      <Filter>Header Files</Filter>
    </ClInclude>
    <ClInclude Include="..\..\src\Game\BMP.h">
      <Filter>Header Files</Filter>
    </ClInclude>
    <ClInclude Include="..\..\src\Game\Bounties.h">
      <Filter>Header Files</Filter>
    </ClInclude>
    <ClInclude Include="..\..\src\Game\BTG.h">
      <Filter>Header Files</Filter>
    </ClInclude>
    <ClInclude Include="..\..\src\Game\Camera.h">
      <Filter>Header Files</Filter>
    </ClInclude>
    <ClInclude Include="..\..\src\Game\CameraCommand.h">
      <Filter>Header Files</Filter>
    </ClInclude>
    <ClInclude Include="..\..\src\Game\Captaincy.h">
      <Filter>Header Files</Filter>
    </ClInclude>
    <ClInclude Include="..\..\src\Ships\Carrier.h">
      <Filter>Header Files</Filter>
    </ClInclude>
    <ClInclude Include="..\..\src\Game\ChannelFSM.h">
      <Filter>Header Files</Filter>
    </ClInclude>
    <ClInclude Include="..\..\src\Game\Chatting.h">
      <Filter>Header Files</Filter>
    </ClInclude>
    <ClInclude Include="..\..\src\Game\Clamp.h">
      <Filter>Header Files</Filter>
    </ClInclude>
    <ClInclude Include="..\..\src\Game\ClassDefs.h">
      <Filter>Header Files</Filter>
    </ClInclude>
    <ClInclude Include="..\..\src\Sdl\ClientCDKey.h">
      <Filter>Header Files</Filter>
    </ClInclude>
    <ClInclude Include="..\..\src\Game\Clipper.h">
      <Filter>Header Files</Filter>
    </ClInclude>
    <ClInclude Include="..\..\src\Ships\CloakGenerator.h">
      <Filter>Header Files</Filter>
    </ClInclude>
    <ClInclude Include="..\..\src\Game\Clouds.h">
      <Filter>Header Files</Filter>
    </ClInclude>
    <ClInclude Include="..\..\src\Game\Collision.h">
      <Filter>Header Files</Filter>
    </ClInclude>
    <ClInclude Include="..\..\src\Game\Color.h">
      <Filter>Header Files</Filter>
    </ClInclude>
    <ClInclude Include="..\..\src\Game\ColPick.h">
      <Filter>Header Files</Filter>
    </ClInclude>
    <ClInclude Include="..\..\src\Game\CommandDefs.h">
      <Filter>Header Files</Filter>
    </ClInclude>
    <ClInclude Include="..\..\src\Game\CommandLayer.h">
      <Filter>Header Files</Filter>
    </ClInclude>
    <ClInclude Include="..\..\src\Game\CommandNetwork.h">
      <Filter>Header Files</Filter>
    </ClInclude>
    <ClInclude Include="..\..\src\Game\CommandWrap.h">
      <Filter>Header Files</Filter>
    </ClInclude>
    <ClInclude Include="..\..\src\Game\ConsMgr.h">
      <Filter>Header Files</Filter>
    </ClInclude>
    <ClInclude Include="..\..\src\Game\cpuid.h">
      <Filter>Header Files</Filter>
    </ClInclude>
    <ClInclude Include="..\..\src\Game\Crates.h">
      <Filter>Header Files</Filter>
    </ClInclude>
    <ClInclude Include="..\..\src\ThirdParty\CRC\CRC32.h">
      <Filter>Header Files</Filter>
    </ClInclude>
    <ClInclude Include="..\..\src\Game\Damage.h">
      <Filter>Header Files</Filter>
    </ClInclude>
    <ClInclude Include="..\..\src\Ships\DDDFrigate.h">
      <Filter>Header Files</Filter>
    </ClInclude>
    <ClInclude Include="..\..\src\Game\Debug.h">
      <Filter>Header Files</Filter>
    </ClInclude>
    <ClInclude Include="..\..\src\Sdl\debugwnd.h">
      <Filter>Header Files</Filter>
    </ClInclude>
    <ClInclude Include="..\..\src\Ships\DefaultShip.h">
      <Filter>Header Files</Filter>
    </ClInclude>
    <ClInclude Include="..\..\src\Ships\DefenseFighter.h">
      <Filter>Header Files</Filter>
    </ClInclude>
    <ClInclude Include="..\..\src\Game\Demo.h">
      <Filter>Header Files</Filter>
    </ClInclude>
    <ClInclude Include="..\..\src\Sdl\devstats.h">
      <Filter>Header Files</Filter>
    </ClInclude>
    <ClInclude Include="..\..\src\Ships\DFGFrigate.h">
      <Filter>Header Files</Filter>
    </ClInclude>
    <ClInclude Include="..\..\src\Game\Dock.h">
      <Filter>Header Files</Filter>
    </ClInclude>
    <ClInclude Include="..\..\src\Ships\Drone.h">
      <Filter>Header Files</Filter>
    </ClInclude>
    <ClInclude Include="..\..\src\Sdl\dxdraw.h">
      <Filter>Header Files</Filter>
    </ClInclude>
    <ClInclude Include="..\..\src\Game\ETG.h">
      <Filter>Header Files</Filter>
    </ClInclude>
    <ClInclude Include="..\..\src\Game\Eval.h">
      <Filter>Header Files</Filter>
    </ClInclude>
    <ClInclude Include="..\..\src\Game\FastMath.h">
      <Filter>Header Files</Filter>
    </ClInclude>
    <ClInclude Include="..\..\src\Game\FEColour.h">
      <Filter>Header Files</Filter>
    </ClInclude>
    <ClInclude Include="..\..\src\Game\FEFlow.h">
      <Filter>Header Files</Filter>
    </ClInclude>
    <ClInclude Include="..\..\src\Game\FEReg.h">
      <Filter>Header Files</Filter>
    </ClInclude>
    <ClInclude Include="..\..\src\Game\File.h">
      <Filter>Header Files</Filter>
    </ClInclude>
    <ClInclude Include="..\..\src\Game\FlightMan.h">
      <Filter>Header Files</Filter>
    </ClInclude>
    <ClInclude Include="..\..\src\Game\FlightManDefs.h">
      <Filter>Header Files</Filter>
    </ClInclude>
    <ClInclude Include="..\..\src\Ships\FloatingCity.h">
      <Filter>Header Files</Filter>
    </ClInclude>
    <ClInclude Include="..\..\src\Sdl\font.h">
      <Filter>Header Files</Filter>
    </ClInclude>
    <ClInclude Include="..\..\src\Game\FontReg.h">
      <Filter>Header Files</Filter>
    </ClInclude>
    <ClInclude Include="..\..\src\Game\Formation.h">
      <Filter>Header Files</Filter>
    </ClInclude>
    <ClInclude Include="..\..\src\Game\FormationDefs.h">
      <Filter>Header Files</Filter>
    </ClInclude>
    <ClInclude Include="..\..\src\Sdl\fqcodec.h">
      <Filter>Header Files</Filter>
    </ClInclude>
    <ClInclude Include="..\..\src\Sdl\fqeffect.h">
      <Filter>Header Files</Filter>
    </ClInclude>
    <ClInclude Include="..\..\src\Sdl\fquant.h">
      <Filter>Header Files</Filter>
    </ClInclude>
    <ClInclude Include="..\..\src\Game\GameChat.h">
      <Filter>Header Files</Filter>
    </ClInclude>
    <ClInclude Include="..\..\src\Game\GamePick.h">
      <Filter>Header Files</Filter>
    </ClInclude>
    <ClInclude Include="..\..\src\Game\GameStats.h">
      <Filter>Header Files</Filter>
    </ClInclude>
    <ClInclude Include="..\..\src\Ships\GenericDefender.h">
      <Filter>Header Files</Filter>
    </ClInclude>
    <ClInclude Include="..\..\src\Ships\GenericInterceptor.h">
      <Filter>Header Files</Filter>
    </ClInclude>
    <ClInclude Include="..\..\src\Sdl\glcaps.h">
      <Filter>Header Files</Filter>
    </ClInclude>
    <ClInclude Include="..\..\src\Sdl\glcompat.h">
      <Filter>Header Files</Filter>
    </ClInclude>
    <ClInclude Include="..\..\src\Sdl\gldefines.h">
      <Filter>Header Files</Filter>
    </ClInclude>
    <ClInclude Include="..\..\src\Sdl\gldll.h">
      <Filter>Header Files</Filter>
    </ClInclude>
    <ClInclude Include="..\..\src\Sdl\glext.h">
      <Filter>Header Files</Filter>
    </ClInclude>
    <ClInclude Include="..\..\src\Sdl\glinc.h">
      <Filter>Header Files</Filter>
    </ClInclude>
    <ClInclude Include="..\..\src\Game\Globals.h">
      <Filter>Header Files</Filter>
    </ClInclude>
    <ClInclude Include="..\..\src\Ships\GravWellGenerator.h">
      <Filter>Header Files</Filter>
    </ClInclude>
    <ClInclude Include="..\..\src\Game\Gun.h">
      <Filter>Header Files</Filter>
    </ClInclude>
    <ClInclude Include="..\..\src\Game\Hash.h">
      <Filter>Header Files</Filter>
    </ClInclude>
    <ClInclude Include="..\..\src\Ships\HeavyCorvette.h">
      <Filter>Header Files</Filter>
    </ClInclude>
    <ClInclude Include="..\..\src\Ships\HeavyCruiser.h">
      <Filter>Header Files</Filter>
    </ClInclude>
    <ClInclude Include="..\..\src\Game\HorseRace.h">
      <Filter>Header Files</Filter>
    </ClInclude>
    <ClInclude Include="..\..\src\Game\HS.h">
      <Filter>Header Files</Filter>
    </ClInclude>
    <ClInclude Include="..\..\src\Game\InfoOverlay.h">
      <Filter>Header Files</Filter>
    </ClInclude>
    <ClInclude Include="..\..\src\ThirdParty\JPG\interfce.h">
      <Filter>Header Files</Filter>
    </ClInclude>
    <ClInclude Include="..\..\src\Ships\IonCannonFrigate.h">
      <Filter>Header Files</Filter>
    </ClInclude>
    <ClInclude Include="..\..\src\ThirdParty\JPG\jchuff.h">
      <Filter>Header Files</Filter>
    </ClInclude>
    <ClInclude Include="..\..\src\ThirdParty\JPG\jconfig.h">
      <Filter>Header Files</Filter>
    </ClInclude>
    <ClInclude Include="..\..\src\ThirdParty\JPG\jdct.h">
      <Filter>Header Files</Filter>
    </ClInclude>
    <ClInclude Include="..\..\src\ThirdParty\JPG\jdhuff.h">
      <Filter>Header Files</Filter>
    </ClInclude>
    <ClInclude Include="..\..\src\ThirdParty\JPG\jerror.h">
      <Filter>Header Files</Filter>
    </ClInclude>
    <ClInclude Include="..\..\src\ThirdParty\JPG\jinclude.h">
      <Filter>Header Files</Filter>
    </ClInclude>
    <ClInclude Include="..\..\src\ThirdParty\JPG\jmemsys.h">
      <Filter>Header Files</Filter>
    </ClInclude>
    <ClInclude Include="..\..\src\ThirdParty\JPG\jmorecfg.h">
      <Filter>Header Files</Filter>
    </ClInclude>
    <ClInclude Include="..\..\src\ThirdParty\JPG\jpegint.h">
      <Filter>Header Files</Filter>
    </ClInclude>
    <ClInclude Include="..\..\src\ThirdParty\JPG\jpeglib.h">
      <Filter>Header Files</Filter>
    </ClInclude>
    <ClInclude Include="..\..\src\ThirdParty\JPG\jpegrc.h">
      <Filter>Header Files</Filter>
    </ClInclude>
    <ClInclude Include="..\..\src\ThirdParty\JPG\jversion.h">
      <Filter>Header Files</Filter>
    </ClInclude>
    <ClInclude Include="..\..\src\Game\KAS.h">
      <Filter>Header Files</Filter>
    </ClInclude>
    <ClInclude Include="..\..\src\Game\KASFunc.h">
      <Filter>Header Files</Filter>
    </ClInclude>
    <ClInclude Include="..\..\src\Game\Key.h">
      <Filter>Header Files</Filter>
    </ClInclude>
    <ClInclude Include="..\..\src\Game\KeyBindings.h">
      <Filter>Header Files</Filter>
    </ClInclude>
    <ClInclude Include="..\..\src\Game\LagPrint.h">
      <Filter>Header Files</Filter>
    </ClInclude>
    <ClInclude Include="..\..\src\Game\LaunchMgr.h">
      <Filter>Header Files</Filter>
    </ClInclude>
    <ClInclude Include="..\..\src\Game\LevelLoad.h">
      <Filter>Header Files</Filter>
    </ClInclude>
    <ClInclude Include="..\..\src\Game\Light.h">
      <Filter>Header Files</Filter>
    </ClInclude>
    <ClInclude Include="..\..\src\Ships\LightCorvette.h">
      <Filter>Header Files</Filter>
    </ClInclude>
    <ClInclude Include="..\..\src\Game\LinkedList.h">
      <Filter>Header Files</Filter>
    </ClInclude>
    <ClInclude Include="..\..\src\Sdl\LinkLimits.h">
      <Filter>Header Files</Filter>
    </ClInclude>
    <ClInclude Include="..\..\src\Game\LOD.h">
      <Filter>Header Files</Filter>
    </ClInclude>
    <ClInclude Include="..\..\src\ThirdParty\LZSS\LZSS.h">
      <Filter>Header Files</Filter>
    </ClInclude>
    <ClInclude Include="..\..\src\Game\MadLinkIn.h">
      <Filter>Header Files</Filter>
    </ClInclude>
    <ClInclude Include="..\..\src\Game\MadLinkInDefs.h">
      <Filter>Header Files</Filter>
    </ClInclude>
    <ClInclude Include="..\..\src\Sdl\main.h">
      <Filter>Header Files</Filter>
    </ClInclude>
    <ClInclude Include="..\..\src\Sdl\mainrgn.h">
      <Filter>Header Files</Filter>
    </ClInclude>
    <ClInclude Include="..\..\src\Sdl\mainswitches.h">
      <Filter>Header Files</Filter>
    </ClInclude>
    <ClInclude Include="..\..\src\Game\Matrix.h">
      <Filter>Header Files</Filter>
    </ClInclude>
    <ClInclude Include="..\..\src\Game\MaxMultiplayer.h">
      <Filter>Header Files</Filter>
    </ClInclude>
    <ClInclude Include="..\..\src\Game\Memory.h">
      <Filter>Header Files</Filter>
    </ClInclude>
    <ClInclude Include="..\..\src\Game\Mesh.h">
      <Filter>Header Files</Filter>
    </ClInclude>
    <ClInclude Include="..\..\src\Game\MeshAnim.h">
      <Filter>Header Files</Filter>
    </ClInclude>
    <ClInclude Include="..\..\src\Game\MEX.h">
      <Filter>Header Files</Filter>
    </ClInclude>
    <ClInclude Include="..\..\src\Ships\MinelayerCorvette.h">
      <Filter>Header Files</Filter>
    </ClInclude>
    <ClInclude Include="..\..\src\Ships\MissileDestroyer.h">
      <Filter>Header Files</Filter>
    </ClInclude>
    <ClInclude Include="..\..\src\Missions\Generated\Mission01.h">
      <Filter>Header Files</Filter>
    </ClInclude>
    <ClInclude Include="..\..\src\Missions\Generated\Mission02.h">
      <Filter>Header Files</Filter>
    </ClInclude>
    <ClInclude Include="..\..\src\Missions\Generated\Mission03.h">
      <Filter>Header Files</Filter>
    </ClInclude>
    <ClInclude Include="..\..\src\Missions\Generated\Mission04.h">
      <Filter>Header Files</Filter>
    </ClInclude>
    <ClInclude Include="..\..\src\Missions\Generated\Mission05.h">
      <Filter>Header Files</Filter>
    </ClInclude>
    <ClInclude Include="..\..\src\Missions\Generated\Mission06.h">
      <Filter>Header Files</Filter>
    </ClInclude>
    <ClInclude Include="..\..\src\Missions\Generated\Mission07.h">
      <Filter>Header Files</Filter>
    </ClInclude>
    <ClInclude Include="..\..\src\Missions\Generated\Mission08.h">
      <Filter>Header Files</Filter>
    </ClInclude>
    <ClInclude Include="..\..\src\Missions\Generated\Mission09.h">
      <Filter>Header Files</Filter>
    </ClInclude>
    <ClInclude Include="..\..\src\Missions\Generated\Mission10.h">
      <Filter>Header Files</Filter>
    </ClInclude>
    <ClInclude Include="..\..\src\Missions\Generated\Mission11.h">
      <Filter>Header Files</Filter>
    </ClInclude>
    <ClInclude Include="..\..\src\Missions\Generated\Mission12.h">
      <Filter>Header Files</Filter>
    </ClInclude>
    <ClInclude Include="..\..\src\Missions\Generated\Mission13.h">
      <Filter>Header Files</Filter>
    </ClInclude>
    <ClInclude Include="..\..\src\Missions\Generated\Mission14.h">
      <Filter>Header Files</Filter>
    </ClInclude>
    <ClInclude Include="..\..\src\Missions\Generated\Mission15.h">
      <Filter>Header Files</Filter>
    </ClInclude>
    <ClInclude Include="..\..\src\Missions\Generated\Mission16.h">
      <Filter>Header Files</Filter>
    </ClInclude>
    <ClInclude Include="..\..\src\Ships\Mothership.h">
      <Filter>Header Files</Filter>
    </ClInclude>
    <ClInclude Include="..\..\src\Sdl\mouse.h">
      <Filter>Header Files</Filter>
    </ClInclude>
    <ClInclude Include="..\..\src\Ships\MultiGunCorvette.h">
      <Filter>Header Files</Filter>
    </ClInclude>
    <ClInclude Include="..\..\src\Game\MultiplayerGame.h">
      <Filter>Header Files</Filter>
    </ClInclude>
    <ClInclude Include="..\..\src\Game\MultiplayerLANGame.h">
      <Filter>Header Files</Filter>
    </ClInclude>
    <ClInclude Include="..\..\src\Game\NavLights.h">
      <Filter>Header Files</Filter>
    </ClInclude>
    <ClInclude Include="..\..\src\Game\Nebulae.h">
      <Filter>Header Files</Filter>
    </ClInclude>
    <ClInclude Include="..\..\src\Game\NetCheck.h">
      <Filter>Header Files</Filter>
    </ClInclude>
    <ClInclude Include="..\..\src\Game\NIS.h">
      <Filter>Header Files</Filter>
    </ClInclude>
    <ClInclude Include="..\..\src\Game\Objectives.h">
      <Filter>Header Files</Filter>
    </ClInclude>
    <ClInclude Include="..\..\src\Game\ObjTypes.h">
      <Filter>Header Files</Filter>
    </ClInclude>
    <ClInclude Include="..\..\src\Game\Options.h">
      <Filter>Header Files</Filter>
    </ClInclude>
    <ClInclude Include="..\..\src\Ships\P1IonArrayFrigate.h">
      <Filter>Header Files</Filter>
    </ClInclude>
    <ClInclude Include="..\..\src\Ships\P1MissileCorvette.h">
      <Filter>Header Files</Filter>
    </ClInclude>
    <ClInclude Include="..\..\src\Ships\P1Mothership.h">
      <Filter>Header Files</Filter>
    </ClInclude>
    <ClInclude Include="..\..\src\Ships\P1StandardCorvette.h">
      <Filter>Header Files</Filter>
    </ClInclude>
    <ClInclude Include="..\..\src\Ships\P2AdvanceSwarmer.h">
      <Filter>Header Files</Filter>
    </ClInclude>
    <ClInclude Include="..\..\src\Ships\P2FuelPod.h">
      <Filter>Header Files</Filter>
    </ClInclude>
    <ClInclude Include="..\..\src\Ships\P2Mothership.h">
      <Filter>Header Files</Filter>
    </ClInclude>
    <ClInclude Include="..\..\src\Ships\P2MultiBeamFrigate.h">
      <Filter>Header Files</Filter>
    </ClInclude>
    <ClInclude Include="..\..\src\Ships\P2Swarmer.h">
      <Filter>Header Files</Filter>
    </ClInclude>
    <ClInclude Include="..\..\src\Ships\P3StandardShip.h">
      <Filter>Header Files</Filter>
    </ClInclude>
    <ClInclude Include="..\..\src\Game\Particle.h">
      <Filter>Header Files</Filter>
    </ClInclude>
    <ClInclude Include="..\..\src\Game\Physics.h">
      <Filter>Header Files</Filter>
    </ClInclude>
    <ClInclude Include="..\..\src\Game\PiePlate.h">
      <Filter>Header Files</Filter>
    </ClInclude>
    <ClInclude Include="..\..\src\Game\Ping.h">
      <Filter>Header Files</Filter>
    </ClInclude>
    <ClInclude Include="..\..\src\Game\PlugScreen.h">
      <Filter>Header Files</Filter>
    </ClInclude>
    <ClInclude Include="..\..\src\Sdl\prim2d.h">
      <Filter>Header Files</Filter>
    </ClInclude>
    <ClInclude Include="..\..\src\Sdl\prim3d.h">
      <Filter>Header Files</Filter>
    </ClInclude>
    <ClInclude Include="..\..\src\Ships\Probe.h">
      <Filter>Header Files</Filter>
    </ClInclude>
    <ClInclude Include="..\..\src\Game\ProfileTimers.h">
      <Filter>Header Files</Filter>
    </ClInclude>
    <ClInclude Include="..\..\src\Ships\ProximitySensor.h">
      <Filter>Header Files</Filter>
    </ClInclude>
    <ClInclude Include="..\..\src\Sdl\Queue.h">
      <Filter>Header Files</Filter>
    </ClInclude>
    <ClInclude Include="..\..\src\Game\RaceDefs.h">
      <Filter>Header Files</Filter>
    </ClInclude>
    <ClInclude Include="..\..\src\Game\Randy.h">
      <Filter>Header Files</Filter>
    </ClInclude>
    <ClInclude Include="..\..\src\Game\Region.h">
      <Filter>Header Files</Filter>
    </ClInclude>
    <ClInclude Include="..\..\src\Sdl\regkey.h">
      <Filter>Header Files</Filter>
    </ClInclude>
    <ClInclude Include="..\..\src\Sdl\render.h">
      <Filter>Header Files</Filter>
    </ClInclude>
    <ClInclude Include="..\..\src\Ships\RepairCorvette.h">
      <Filter>Header Files</Filter>
    </ClInclude>
    <ClInclude Include="..\..\src\Game\ResCollect.h">
      <Filter>Header Files</Filter>
    </ClInclude>
    <ClInclude Include="..\..\src\Game\ResearchAPI.h">
      <Filter>Header Files</Filter>
    </ClInclude>
    <ClInclude Include="..\..\src\Game\ResearchGUI.h">
      <Filter>Header Files</Filter>
    </ClInclude>
    <ClInclude Include="..\..\src\Ships\ResearchShip.h">
      <Filter>Header Files</Filter>
    </ClInclude>
    <ClInclude Include="..\..\src\Sdl\resource.h">
      <Filter>Header Files</Filter>
    </ClInclude>
    <ClInclude Include="..\..\src\Ships\ResourceCollector.h">
      <Filter>Header Files</Filter>
    </ClInclude>
    <ClInclude Include="..\..\src\Ships\ResourceController.h">
      <Filter>Header Files</Filter>
    </ClInclude>
    <ClInclude Include="..\..\src\Sdl\rglu.h">
      <Filter>Header Files</Filter>
    </ClInclude>
    <ClInclude Include="..\..\src\Sdl\rinit.h">
      <Filter>Header Files</Filter>
    </ClInclude>
    <ClInclude Include="..\..\src\Ships\SalCapCorvette.h">
      <Filter>Header Files</Filter>
    </ClInclude>
    <ClInclude Include="..\..\src\Game\SaveGame.h">
      <Filter>Header Files</Filter>
    </ClInclude>
    <ClInclude Include="..\..\src\Game\ScenPick.h">
      <Filter>Header Files</Filter>
    </ClInclude>
    <ClInclude Include="..\..\src\Sdl\screenshot.h">
      <Filter>Header Files</Filter>
    </ClInclude>
    <ClInclude Include="..\..\src\Game\Scroller.h">
      <Filter>Header Files</Filter>
    </ClInclude>
    <ClInclude Include="..\..\src\Game\Select.h">
      <Filter>Header Files</Filter>
    </ClInclude>
    <ClInclude Include="..\..\src\Ships\SensorArray.h">
      <Filter>Header Files</Filter>
    </ClInclude>
    <ClInclude Include="..\..\src\Game\Sensors.h">
      <Filter>Header Files</Filter>
    </ClInclude>
    <ClInclude Include="..\..\src\Game\Shader.h">
      <Filter>Header Files</Filter>
    </ClInclude>
    <ClInclude Include="..\..\src\Ships\ShipDefs.h">
      <Filter>Header Files</Filter>
    </ClInclude>
    <ClInclude Include="..\..\src\Ships\Ships.h">
      <Filter>Header Files</Filter>
    </ClInclude>
    <ClInclude Include="..\..\src\Game\ShipSelect.h">
      <Filter>Header Files</Filter>
    </ClInclude>
    <ClInclude Include="..\..\src\Game\ShipView.h">
      <Filter>Header Files</Filter>
    </ClInclude>
    <ClInclude Include="..\..\src\Game\SinglePlayer.h">
      <Filter>Header Files</Filter>
    </ClInclude>
    <ClInclude Include="..\..\src\Sdl\soundcmn.h">
      <Filter>Header Files</Filter>
    </ClInclude>
    <ClInclude Include="..\..\src\Game\SoundEvent.h">
      <Filter>Header Files</Filter>
    </ClInclude>
    <ClInclude Include="..\..\src\Game\SoundEventDefs.h">
      <Filter>Header Files</Filter>
    </ClInclude>
    <ClInclude Include="..\..\src\Game\SoundEventPrivate.h">
      <Filter>Header Files</Filter>
    </ClInclude>
    <ClInclude Include="..\..\src\Sdl\soundlow.h">
      <Filter>Header Files</Filter>
    </ClInclude>
    <ClInclude Include="..\..\src\Game\SoundMusic.h">
      <Filter>Header Files</Filter>
    </ClInclude>
    <ClInclude Include="..\..\src\Game\SoundStructs.h">
      <Filter>Header Files</Filter>
    </ClInclude>
    <ClInclude Include="..\..\src\Game\SpaceObj.h">
      <Filter>Header Files</Filter>
    </ClInclude>
    <ClInclude Include="..\..\src\Game\SpeechEvent.h">
      <Filter>Header Files</Filter>
    </ClInclude>
    <ClInclude Include="..\..\src\Ships\StandardDestroyer.h">
      <Filter>Header Files</Filter>
    </ClInclude>
    <ClInclude Include="..\..\src\Ships\StandardFrigate.h">
      <Filter>Header Files</Filter>
    </ClInclude>
    <ClInclude Include="..\..\src\Game\Star3d.h">
      <Filter>Header Files</Filter>
    </ClInclude>
    <ClInclude Include="..\..\src\Game\Stats.h">
      <Filter>Header Files</Filter>
    </ClInclude>
    <ClInclude Include="..\..\src\Game\StatScript.h">
      <Filter>Header Files</Filter>
    </ClInclude>
    <ClInclude Include="..\..\src\Game\StringsOnly.h">
      <Filter>Header Files</Filter>
    </ClInclude>
    <ClInclude Include="..\..\src\Game\StringSupport.h">
      <Filter>Header Files</Filter>
    </ClInclude>
    <ClInclude Include="..\..\src\Game\Subtitle.h">
      <Filter>Header Files</Filter>
    </ClInclude>
    <ClInclude Include="..\..\src\Game\Switches.h">
      <Filter>Header Files</Filter>
    </ClInclude>
    <ClInclude Include="..\..\src\Game\Tactical.h">
      <Filter>Header Files</Filter>
    </ClInclude>
    <ClInclude Include="..\..\src\Game\Tactics.h">
      <Filter>Header Files</Filter>
    </ClInclude>
    <ClInclude Include="..\..\src\Game\Task.h">
      <Filter>Header Files</Filter>
    </ClInclude>
    <ClInclude Include="..\..\src\Game\TaskBar.h">
      <Filter>Header Files</Filter>
    </ClInclude>
    <ClInclude Include="..\..\src\Game\Teams.h">
      <Filter>Header Files</Filter>
    </ClInclude>
    <ClInclude Include="..\..\src\Sdl\texreg.h">
      <Filter>Header Files</Filter>
    </ClInclude>
    <ClInclude Include="..\..\src\Sdl\TimeoutTimer.h">
      <Filter>Header Files</Filter>
    </ClInclude>
    <ClInclude Include="..\..\src\Game\Timer.h">
      <Filter>Header Files</Filter>
    </ClInclude>
    <ClInclude Include="..\..\src\Sdl\Titan.h">
      <Filter>Header Files</Filter>
    </ClInclude>
    <ClInclude Include="..\..\src\Sdl\TitanInterface.h">
      <Filter>Header Files</Filter>
    </ClInclude>
    <ClInclude Include="..\..\src\Sdl\TitanInterfaceC.h">
      <Filter>Header Files</Filter>
    </ClInclude>
    <ClInclude Include="..\..\src\Game\TitanNet.h">
      <Filter>Header Files</Filter>
    </ClInclude>
    <ClInclude Include="..\..\src\Sdl\TitanPacketMsg.h">
      <Filter>Header Files</Filter>
    </ClInclude>
    <ClInclude Include="..\..\src\Game\Tracking.h">
      <Filter>Header Files</Filter>
    </ClInclude>
    <ClInclude Include="..\..\src\Game\TradeMgr.h">
      <Filter>Header Files</Filter>
    </ClInclude>
    <ClInclude Include="..\..\src\Game\Trails.h">
      <Filter>Header Files</Filter>
    </ClInclude>
    <ClInclude Include="..\..\src\Game\Transformer.h">
      <Filter>Header Files</Filter>
    </ClInclude>
    <ClInclude Include="..\..\src\Game\Tutor.h">
      <Filter>Header Files</Filter>
    </ClInclude>
    <ClInclude Include="..\..\src\Missions\Generated\Tutorial1.h">
      <Filter>Header Files</Filter>
    </ClInclude>
    <ClInclude Include="..\..\src\Game\Tweak.h">
      <Filter>Header Files</Filter>
    </ClInclude>
    <ClInclude Include="..\..\src\Game\Twiddle.h">
      <Filter>Header Files</Filter>
    </ClInclude>
    <ClInclude Include="..\..\src\Game\Types.h">
      <Filter>Header Files</Filter>
    </ClInclude>
    <ClInclude Include="..\..\src\Game\UIControls.h">
      <Filter>Header Files</Filter>
    </ClInclude>
    <ClInclude Include="..\..\src\Game\Undo.h">
      <Filter>Header Files</Filter>
    </ClInclude>
    <ClInclude Include="..\..\src\Game\Universe.h">
      <Filter>Header Files</Filter>
    </ClInclude>
    <ClInclude Include="..\..\src\Game\UnivUpdate.h">
      <Filter>Header Files</Filter>
    </ClInclude>
    <ClInclude Include="..\..\src\Sdl\utility.h">
      <Filter>Header Files</Filter>
    </ClInclude>
    <ClInclude Include="..\..\src\Game\Vector.h">
      <Filter>Header Files</Filter>
    </ClInclude>
    <ClInclude Include="..\..\src\Game\VolTweakDefs.h">
      <Filter>Header Files</Filter>
    </ClInclude>
    <ClInclude Include="..\..\src\Game\Volume.h">
      <Filter>Header Files</Filter>
    </ClInclude>
    <ClInclude Include="..\..\src\Sdl\wave.h">
      <Filter>Header Files</Filter>
    </ClInclude>
    <ClInclude Include="..\..\src\SDL\standard_library.h">
      <Filter>Header Files</Filter>
    </ClInclude>
    <ClInclude Include="..\..\src\Missions\Generated\Mission05_OEM.h">
      <Filter>Source Files\Missions\Generated</Filter>
    </ClInclude>
  </ItemGroup>
  <ItemGroup>
    <None Include="..\..\src\Game\Matrix.s">
      <Filter>Source Files\Game</Filter>
    </None>
  </ItemGroup>
</Project>