
Microsoft Visual Studio Solution File, Format Version 12.00
# Visual Studio Version 16
VisualStudioVersion = 16.0.32802.440
MinimumVisualStudioVersion = 10.0.40219.1
Project("{8BC9CEB8-8B4A-11D0-8D11-00A0C91BC942}") = "ext_lib", "ext_lib\ext_lib.vcxproj", "{A140B308-1EDD-4B9B-BDFC-5341010E20F0}"
EndProject
Project("{8BC9CEB8-8B4A-11D0-8D11-00A0C91BC942}") = "Homeworld", "Homeworld\Homeworld.vcxproj", "{A1BE6B38-ACD3-4319-A144-248526712898}"
EndProject
Project("{8BC9CEB8-8B4A-11D0-8D11-00A0C91BC942}") = "SdlTest", "SdlTest\SdlTest.vcxproj", "{06B83644-7C12-4009-870D-301A1871D68A}"
EndProject
Global
	GlobalSection(SolutionConfigurationPlatforms) = preSolution
		Debug|x64 = Debug|x64
		Debug|x86 = Debug|x86
		Release|x64 = Release|x64
		Release|x86 = Release|x86
	EndGlobalSection
	GlobalSection(ProjectConfigurationPlatforms) = postSolution
		{A140B308-1EDD-4B9B-BDFC-5341010E20F0}.Debug|x64.ActiveCfg = Debug|x64
		{A140B308-1EDD-4B9B-BDFC-5341010E20F0}.Debug|x64.Build.0 = Debug|x64
		{A140B308-1EDD-4B9B-BDFC-5341010E20F0}.Debug|x86.ActiveCfg = Debug|Win32
		{A140B308-1EDD-4B9B-BDFC-5341010E20F0}.Debug|x86.Build.0 = Debug|Win32
		{A140B308-1EDD-4B9B-BDFC-5341010E20F0}.Release|x64.ActiveCfg = Release|x64
		{A140B308-1EDD-4B9B-BDFC-5341010E20F0}.Release|x64.Build.0 = Release|x64
		{A140B308-1EDD-4B9B-BDFC-5341010E20F0}.Release|x86.ActiveCfg = Release|Win32
		{A140B308-1EDD-4B9B-BDFC-5341010E20F0}.Release|x86.Build.0 = Release|Win32
		{A1BE6B38-ACD3-4319-A144-248526712898}.Debug|x64.ActiveCfg = Debug|x64
		{A1BE6B38-ACD3-4319-A144-248526712898}.Debug|x64.Build.0 = Debug|x64
		{A1BE6B38-ACD3-4319-A144-248526712898}.Debug|x86.ActiveCfg = Debug|Win32
		{A1BE6B38-ACD3-4319-A144-248526712898}.Debug|x86.Build.0 = Debug|Win32
		{A1BE6B38-ACD3-4319-A144-248526712898}.Release|x64.ActiveCfg = Release|x64
		{A1BE6B38-ACD3-4319-A144-248526712898}.Release|x64.Build.0 = Release|x64
		{A1BE6B38-ACD3-4319-A144-248526712898}.Release|x86.ActiveCfg = Release|Win32
		{A1BE6B38-ACD3-4319-A144-248526712898}.Release|x86.Build.0 = Release|Win32
		{06B83644-7C12-4009-870D-301A1871D68A}.Debug|x64.ActiveCfg = Debug|x64
		{06B83644-7C12-4009-870D-301A1871D68A}.Debug|x64.Build.0 = Debug|x64
		{06B83644-7C12-4009-870D-301A1871D68A}.Debug|x86.ActiveCfg = Debug|Win32
		{06B83644-7C12-4009-870D-301A1871D68A}.Debug|x86.Build.0 = Debug|Win32
		{06B83644-7C12-4009-870D-301A1871D68A}.Release|x64.ActiveCfg = Release|x64
		{06B83644-7C12-4009-870D-301A1871D68A}.Release|x64.Build.0 = Release|x64
		{06B83644-7C12-4009-870D-301A1871D68A}.Release|x86.ActiveCfg = Release|Win32
		{06B83644-7C12-4009-870D-301A1871D68A}.Release|x86.Build.0 = Release|Win32
	EndGlobalSection
	GlobalSection(SolutionProperties) = preSolution
		HideSolutionNode = FALSE
	EndGlobalSection
	GlobalSection(ExtensibilityGlobals) = postSolution
		SolutionGuid = {27D8214B-E6B4-4A35-94DC-40CECA9A24A9}
	EndGlobalSection
EndGlobal
